
Microsoft Visual Studio Solution File, Format Version 12.00
# Visual Studio 14
VisualStudioVersion = 14.0.25420.1
MinimumVisualStudioVersion = 10.0.40219.1
Project("{2150E333-8FDC-42A3-9474-1A3956D46DE8}") = "1 - Presentation", "1 - Presentation", "{B78D05E4-B751-4B98-BAD0-FCF09188DEA5}"
EndProject
Project("{2150E333-8FDC-42A3-9474-1A3956D46DE8}") = "2 - Services", "2 - Services", "{FC5F7A0B-BF90-4979-9E76-68EC7759AADE}"
EndProject
Project("{2150E333-8FDC-42A3-9474-1A3956D46DE8}") = "4 - Domain", "4 - Domain", "{F7DF6E75-0B5D-485D-8F3F-A742A9C63306}"
EndProject
Project("{2150E333-8FDC-42A3-9474-1A3956D46DE8}") = "5 - Infra", "5 - Infra", "{5D0B548C-9D76-4D9B-A4D1-CCBAF888A3E7}"
EndProject
Project("{2150E333-8FDC-42A3-9474-1A3956D46DE8}") = "5.1 - Data", "5.1 - Data", "{4E71D459-32B8-4D38-BCF7-2A85AA86DEAB}"
EndProject
Project("{2150E333-8FDC-42A3-9474-1A3956D46DE8}") = "5.2 - CrossCutting", "5.2 - CrossCutting", "{F6F704F4-B363-4D3F-A759-37E90E347DD0}"
EndProject
Project("{2150E333-8FDC-42A3-9474-1A3956D46DE8}") = "3 - Application", "3 - Application", "{A20E8B43-F842-4C64-9290-7FE3912233A3}"
EndProject
Project("{FAE04EC0-301F-11D3-BF4B-00C04F79EFBC}") = "Project.Pizzaria.Domain", "src\Project.Pizzaria.Domain\Project.Pizzaria.Domain.csproj", "{F6829685-704F-4055-A9B8-486F236CD082}"
EndProject
Project("{FAE04EC0-301F-11D3-BF4B-00C04F79EFBC}") = "Project.Pizzaria.Infra.Data", "src\Project.Pizzaria.Infra.Data\Project.Pizzaria.Infra.Data.csproj", "{5DBD9F6E-79EA-4AAF-8F0E-3A84AC66D739}"
EndProject
Project("{2150E333-8FDC-42A3-9474-1A3956D46DE8}") = "6 - Identity", "6 - Identity", "{E64BB078-8DE5-4B75-8A26-91E3A9499ED2}"
EndProject
Project("{2150E333-8FDC-42A3-9474-1A3956D46DE8}") = "6.1 - Presentation", "6.1 - Presentation", "{4FA8228A-D5BD-4AA0-A613-B57F506684A7}"
EndProject
Project("{2150E333-8FDC-42A3-9474-1A3956D46DE8}") = "6.2 - Domain", "6.2 - Domain", "{499A6D70-99FE-418E-BCBB-D9B260C3E642}"
EndProject
Project("{2150E333-8FDC-42A3-9474-1A3956D46DE8}") = "6.3 - Infra", "6.3 - Infra", "{4F8867E2-4521-4E1C-B57F-333FFBB09402}"
EndProject
Project("{2150E333-8FDC-42A3-9474-1A3956D46DE8}") = "3.1 - Data", "3.1 - Data", "{A7D2FB6D-E397-4846-8E93-715AA638AE6F}"
EndProject
Project("{2150E333-8FDC-42A3-9474-1A3956D46DE8}") = "3.2 - CrossCutting", "3.2 - CrossCutting", "{7D1C6E18-9267-4800-9708-1B7627A72AA2}"
EndProject
Project("{FAE04EC0-301F-11D3-BF4B-00C04F79EFBC}") = "EP.IdentityIsolation.Infra.CrossCutting.Identity", "src\IdentityIsolation-master\src\EP.IdentityIsolation.Infra.CrossCutting.Identity\EP.IdentityIsolation.Infra.CrossCutting.Identity.csproj", "{9062B1C5-F32D-435E-93B2-2E7F6268B2A1}"
EndProject
Project("{FAE04EC0-301F-11D3-BF4B-00C04F79EFBC}") = "EP.IdentityIsolation.Infra.CrossCutting.IoC", "src\IdentityIsolation-master\src\EP.IdentityIsolation.Infra.CrossCutting.IoC\EP.IdentityIsolation.Infra.CrossCutting.IoC.csproj", "{DAC5216E-41D8-44AD-90A3-DC88F7A4A2CE}"
EndProject
Project("{FAE04EC0-301F-11D3-BF4B-00C04F79EFBC}") = "EP.IdentityIsolation.MVC", "src\IdentityIsolation-master\src\EP.IdentityIsolation.MVC\EP.IdentityIsolation.MVC.csproj", "{73AAEC7C-9DF5-457A-8096-E2B915B4FAF2}"
EndProject
Project("{FAE04EC0-301F-11D3-BF4B-00C04F79EFBC}") = "EP.IdentityIsolation.Domain", "src\IdentityIsolation-master\src\EP.IdentityIsolation.Domain\EP.IdentityIsolation.Domain.csproj", "{659259FE-26B5-4868-935C-B4A08BCDD924}"
EndProject
Project("{FAE04EC0-301F-11D3-BF4B-00C04F79EFBC}") = "EP.IdentityIsolation.Infra.Data", "src\IdentityIsolation-master\src\EP.IdentityIsolation.Infra.Data\EP.IdentityIsolation.Infra.Data.csproj", "{7452498E-395C-4BEC-87AF-1B2B3AA8BD10}"
EndProject
Project("{FAE04EC0-301F-11D3-BF4B-00C04F79EFBC}") = "EP.IdentityIsolaiton.Domain.Portable", "EP.IdentityIsolaiton.Domain.Portable\EP.IdentityIsolaiton.Domain.Portable.csproj", "{E8C4FB36-2C41-4BE9-B755-3D013ECA8E76}"
EndProject
Project("{2150E333-8FDC-42A3-9474-1A3956D46DE8}") = "1.1-  WebApi", "1.1-  WebApi", "{176D984F-5406-4F5D-A286-B11952E55A56}"
EndProject
Project("{FAE04EC0-301F-11D3-BF4B-00C04F79EFBC}") = "Project.Pizzaria.CrossCutting.IoC", "src\Project.Pizzaria.CrossCutting.IoC\Project.Pizzaria.CrossCutting.IoC.csproj", "{FFDE1650-FB70-4300-AB53-2941B840DE69}"
EndProject
Project("{FAE04EC0-301F-11D3-BF4B-00C04F79EFBC}") = "Project.Pizzaria.Application", "src\Project.Pizzaria.Application\Project.Pizzaria.Application.csproj", "{3B860BC0-AD4F-4F92-8EBC-9A3D0435C274}"
EndProject
Project("{FAE04EC0-301F-11D3-BF4B-00C04F79EFBC}") = "Project.Pizzaria.Presentation.WebApi", "Project.Pizzaria.Presentation.WebApi\Project.Pizzaria.Presentation.WebApi.csproj", "{A37C03A1-53B5-4BCA-841D-478775019934}"
EndProject
Global
	GlobalSection(SolutionConfigurationPlatforms) = preSolution
		Debug|Any CPU = Debug|Any CPU
		Release|Any CPU = Release|Any CPU
	EndGlobalSection
	GlobalSection(ProjectConfigurationPlatforms) = postSolution
		{F6829685-704F-4055-A9B8-486F236CD082}.Debug|Any CPU.ActiveCfg = Debug|Any CPU
		{F6829685-704F-4055-A9B8-486F236CD082}.Debug|Any CPU.Build.0 = Debug|Any CPU
		{F6829685-704F-4055-A9B8-486F236CD082}.Release|Any CPU.ActiveCfg = Release|Any CPU
		{F6829685-704F-4055-A9B8-486F236CD082}.Release|Any CPU.Build.0 = Release|Any CPU
		{5DBD9F6E-79EA-4AAF-8F0E-3A84AC66D739}.Debug|Any CPU.ActiveCfg = Debug|Any CPU
		{5DBD9F6E-79EA-4AAF-8F0E-3A84AC66D739}.Debug|Any CPU.Build.0 = Debug|Any CPU
		{5DBD9F6E-79EA-4AAF-8F0E-3A84AC66D739}.Release|Any CPU.ActiveCfg = Release|Any CPU
		{5DBD9F6E-79EA-4AAF-8F0E-3A84AC66D739}.Release|Any CPU.Build.0 = Release|Any CPU
		{9062B1C5-F32D-435E-93B2-2E7F6268B2A1}.Debug|Any CPU.ActiveCfg = Debug|Any CPU
		{9062B1C5-F32D-435E-93B2-2E7F6268B2A1}.Debug|Any CPU.Build.0 = Debug|Any CPU
		{9062B1C5-F32D-435E-93B2-2E7F6268B2A1}.Release|Any CPU.ActiveCfg = Release|Any CPU
		{9062B1C5-F32D-435E-93B2-2E7F6268B2A1}.Release|Any CPU.Build.0 = Release|Any CPU
		{DAC5216E-41D8-44AD-90A3-DC88F7A4A2CE}.Debug|Any CPU.ActiveCfg = Debug|Any CPU
		{DAC5216E-41D8-44AD-90A3-DC88F7A4A2CE}.Debug|Any CPU.Build.0 = Debug|Any CPU
		{DAC5216E-41D8-44AD-90A3-DC88F7A4A2CE}.Release|Any CPU.ActiveCfg = Release|Any CPU
		{DAC5216E-41D8-44AD-90A3-DC88F7A4A2CE}.Release|Any CPU.Build.0 = Release|Any CPU
		{73AAEC7C-9DF5-457A-8096-E2B915B4FAF2}.Debug|Any CPU.ActiveCfg = Debug|Any CPU
		{73AAEC7C-9DF5-457A-8096-E2B915B4FAF2}.Debug|Any CPU.Build.0 = Debug|Any CPU
		{73AAEC7C-9DF5-457A-8096-E2B915B4FAF2}.Release|Any CPU.ActiveCfg = Release|Any CPU
		{73AAEC7C-9DF5-457A-8096-E2B915B4FAF2}.Release|Any CPU.Build.0 = Release|Any CPU
		{659259FE-26B5-4868-935C-B4A08BCDD924}.Debug|Any CPU.ActiveCfg = Debug|Any CPU
		{659259FE-26B5-4868-935C-B4A08BCDD924}.Debug|Any CPU.Build.0 = Debug|Any CPU
		{659259FE-26B5-4868-935C-B4A08BCDD924}.Release|Any CPU.ActiveCfg = Release|Any CPU
		{659259FE-26B5-4868-935C-B4A08BCDD924}.Release|Any CPU.Build.0 = Release|Any CPU
		{7452498E-395C-4BEC-87AF-1B2B3AA8BD10}.Debug|Any CPU.ActiveCfg = Debug|Any CPU
		{7452498E-395C-4BEC-87AF-1B2B3AA8BD10}.Debug|Any CPU.Build.0 = Debug|Any CPU
		{7452498E-395C-4BEC-87AF-1B2B3AA8BD10}.Release|Any CPU.ActiveCfg = Release|Any CPU
		{7452498E-395C-4BEC-87AF-1B2B3AA8BD10}.Release|Any CPU.Build.0 = Release|Any CPU
		{E8C4FB36-2C41-4BE9-B755-3D013ECA8E76}.Debug|Any CPU.ActiveCfg = Debug|Any CPU
		{E8C4FB36-2C41-4BE9-B755-3D013ECA8E76}.Debug|Any CPU.Build.0 = Debug|Any CPU
		{E8C4FB36-2C41-4BE9-B755-3D013ECA8E76}.Release|Any CPU.ActiveCfg = Release|Any CPU
		{E8C4FB36-2C41-4BE9-B755-3D013ECA8E76}.Release|Any CPU.Build.0 = Release|Any CPU
		{FFDE1650-FB70-4300-AB53-2941B840DE69}.Debug|Any CPU.ActiveCfg = Debug|Any CPU
		{FFDE1650-FB70-4300-AB53-2941B840DE69}.Debug|Any CPU.Build.0 = Debug|Any CPU
		{FFDE1650-FB70-4300-AB53-2941B840DE69}.Release|Any CPU.ActiveCfg = Release|Any CPU
		{FFDE1650-FB70-4300-AB53-2941B840DE69}.Release|Any CPU.Build.0 = Release|Any CPU
		{3B860BC0-AD4F-4F92-8EBC-9A3D0435C274}.Debug|Any CPU.ActiveCfg = Debug|Any CPU
		{3B860BC0-AD4F-4F92-8EBC-9A3D0435C274}.Debug|Any CPU.Build.0 = Debug|Any CPU
		{3B860BC0-AD4F-4F92-8EBC-9A3D0435C274}.Release|Any CPU.ActiveCfg = Release|Any CPU
		{3B860BC0-AD4F-4F92-8EBC-9A3D0435C274}.Release|Any CPU.Build.0 = Release|Any CPU
		{A37C03A1-53B5-4BCA-841D-478775019934}.Debug|Any CPU.ActiveCfg = Debug|Any CPU
		{A37C03A1-53B5-4BCA-841D-478775019934}.Debug|Any CPU.Build.0 = Debug|Any CPU
		{A37C03A1-53B5-4BCA-841D-478775019934}.Release|Any CPU.ActiveCfg = Release|Any CPU
		{A37C03A1-53B5-4BCA-841D-478775019934}.Release|Any CPU.Build.0 = Release|Any CPU
	EndGlobalSection
	GlobalSection(SolutionProperties) = preSolution
		HideSolutionNode = FALSE
	EndGlobalSection
	GlobalSection(NestedProjects) = preSolution
		{4E71D459-32B8-4D38-BCF7-2A85AA86DEAB} = {5D0B548C-9D76-4D9B-A4D1-CCBAF888A3E7}
		{F6F704F4-B363-4D3F-A759-37E90E347DD0} = {5D0B548C-9D76-4D9B-A4D1-CCBAF888A3E7}
		{F6829685-704F-4055-A9B8-486F236CD082} = {F7DF6E75-0B5D-485D-8F3F-A742A9C63306}
		{5DBD9F6E-79EA-4AAF-8F0E-3A84AC66D739} = {4E71D459-32B8-4D38-BCF7-2A85AA86DEAB}
		{4FA8228A-D5BD-4AA0-A613-B57F506684A7} = {E64BB078-8DE5-4B75-8A26-91E3A9499ED2}
		{499A6D70-99FE-418E-BCBB-D9B260C3E642} = {E64BB078-8DE5-4B75-8A26-91E3A9499ED2}
		{4F8867E2-4521-4E1C-B57F-333FFBB09402} = {E64BB078-8DE5-4B75-8A26-91E3A9499ED2}
		{A7D2FB6D-E397-4846-8E93-715AA638AE6F} = {4F8867E2-4521-4E1C-B57F-333FFBB09402}
		{7D1C6E18-9267-4800-9708-1B7627A72AA2} = {4F8867E2-4521-4E1C-B57F-333FFBB09402}
		{9062B1C5-F32D-435E-93B2-2E7F6268B2A1} = {7D1C6E18-9267-4800-9708-1B7627A72AA2}
		{DAC5216E-41D8-44AD-90A3-DC88F7A4A2CE} = {7D1C6E18-9267-4800-9708-1B7627A72AA2}
		{73AAEC7C-9DF5-457A-8096-E2B915B4FAF2} = {4FA8228A-D5BD-4AA0-A613-B57F506684A7}
		{659259FE-26B5-4868-935C-B4A08BCDD924} = {499A6D70-99FE-418E-BCBB-D9B260C3E642}
		{7452498E-395C-4BEC-87AF-1B2B3AA8BD10} = {A7D2FB6D-E397-4846-8E93-715AA638AE6F}
		{E8C4FB36-2C41-4BE9-B755-3D013ECA8E76} = {499A6D70-99FE-418E-BCBB-D9B260C3E642}
		{176D984F-5406-4F5D-A286-B11952E55A56} = {B78D05E4-B751-4B98-BAD0-FCF09188DEA5}
		{FFDE1650-FB70-4300-AB53-2941B840DE69} = {F6F704F4-B363-4D3F-A759-37E90E347DD0}
		{3B860BC0-AD4F-4F92-8EBC-9A3D0435C274} = {A20E8B43-F842-4C64-9290-7FE3912233A3}
		{A37C03A1-53B5-4BCA-841D-478775019934} = {176D984F-5406-4F5D-A286-B11952E55A56}
	EndGlobalSection
EndGlobal
